
Microsoft Visual Studio Solution File, Format Version 12.00
# Visual Studio Version 17
VisualStudioVersion = 17.0.33027.175
MinimumVisualStudioVersion = 10.0.40219.1
Project("{FAE04EC0-301F-11D3-BF4B-00C04F79EFBC}") = "ScreenID_Website", "ScreenID_Website\ScreenID_Website.csproj", "{845CD7E3-6E8B-487B-8DB4-0A4EB7A56B5A}"
EndProject
Global
	GlobalSection(SolutionConfigurationPlatforms) = preSolution
		Debug|Any CPU = Debug|Any CPU
		Release|Any CPU = Release|Any CPU
	EndGlobalSection
	GlobalSection(ProjectConfigurationPlatforms) = postSolution
		{845CD7E3-6E8B-487B-8DB4-0A4EB7A56B5A}.Debug|Any CPU.ActiveCfg = Debug|Any CPU
		{845CD7E3-6E8B-487B-8DB4-0A4EB7A56B5A}.Debug|Any CPU.Build.0 = Debug|Any CPU
		{845CD7E3-6E8B-487B-8DB4-0A4EB7A56B5A}.Release|Any CPU.ActiveCfg = Release|Any CPU
		{845CD7E3-6E8B-487B-8DB4-0A4EB7A56B5A}.Release|Any CPU.Build.0 = Release|Any CPU
	EndGlobalSection
	GlobalSection(SolutionProperties) = preSolution
		HideSolutionNode = FALSE
	EndGlobalSection
	GlobalSection(ExtensibilityGlobals) = postSolution
		SolutionGuid = {09CB0006-2BBE-4B81-B0F4-7345F434B74F}
	EndGlobalSection
EndGlobal
